
Microsoft Visual Studio Solution File, Format Version 12.00
# Visual Studio Version 17
VisualStudioVersion = 17.14.36203.30
MinimumVisualStudioVersion = 10.0.40219.1
Project("{FAE04EC0-301F-11D3-BF4B-00C04F79EFBC}") = "Closer", "Closer.csproj", "{C2B740A8-E864-4693-BB7A-76C1222FA2A7}"
EndProject
Project("{FAE04EC0-301F-11D3-BF4B-00C04F79EFBC}") = "Entities.cs", "..\Entities.cs\Entities.cs.csproj", "{FFB0F5C3-2652-47BE-9AF2-89840987B03A}"
EndProject
Global
	GlobalSection(SolutionConfigurationPlatforms) = preSolution
		Debug|Any CPU = Debug|Any CPU
		Release|Any CPU = Release|Any CPU
	EndGlobalSection
	GlobalSection(ProjectConfigurationPlatforms) = postSolution
		{C2B740A8-E864-4693-BB7A-76C1222FA2A7}.Debug|Any CPU.ActiveCfg = Debug|Any CPU
		{C2B740A8-E864-4693-BB7A-76C1222FA2A7}.Debug|Any CPU.Build.0 = Debug|Any CPU
		{C2B740A8-E864-4693-BB7A-76C1222FA2A7}.Release|Any CPU.ActiveCfg = Release|Any CPU
		{C2B740A8-E864-4693-BB7A-76C1222FA2A7}.Release|Any CPU.Build.0 = Release|Any CPU
		{FFB0F5C3-2652-47BE-9AF2-89840987B03A}.Debug|Any CPU.ActiveCfg = Debug|Any CPU
		{FFB0F5C3-2652-47BE-9AF2-89840987B03A}.Debug|Any CPU.Build.0 = Debug|Any CPU
		{FFB0F5C3-2652-47BE-9AF2-89840987B03A}.Release|Any CPU.ActiveCfg = Release|Any CPU
		{FFB0F5C3-2652-47BE-9AF2-89840987B03A}.Release|Any CPU.Build.0 = Release|Any CPU
	EndGlobalSection
	GlobalSection(SolutionProperties) = preSolution
		HideSolutionNode = FALSE
	EndGlobalSection
	GlobalSection(ExtensibilityGlobals) = postSolution
		SolutionGuid = {7EFAC2C7-8BEF-437E-A4D1-60EA1BD21183}
	EndGlobalSection
EndGlobal
